{
  "format": "sphinx-lock-1",
  "orgId": "sphinx-org-id",
  "projects": {
    "My_First_Project": {
      "projectId": "",
      "projectName": "My_First_Project",
      "defaultSafe": {
        "safeName": "My_First_Project",
        "owners": [
          "0xf39Fd6e51aad88F6F4ce6aB8827279cffFb92266"
        ],
        "threshold": "1",
        "saltNonce": "0"
      }
    }
  }
}
